
Microsoft Visual Studio Solution File, Format Version 12.00
# Visual Studio Version 16
VisualStudioVersion = 16.0.30523.141
MinimumVisualStudioVersion = 10.0.40219.1
Project("{FAE04EC0-301F-11D3-BF4B-00C04F79EFBC}") = "whiz-githubintegration", "whiz-githubintegration\whiz-githubintegration.csproj", "{584564CB-AA1C-481B-AC78-B49A844F602D}"
EndProject
Global
	GlobalSection(SolutionConfigurationPlatforms) = preSolution
		Debug|Any CPU = Debug|Any CPU
		Release|Any CPU = Release|Any CPU
	EndGlobalSection
	GlobalSection(ProjectConfigurationPlatforms) = postSolution
		{584564CB-AA1C-481B-AC78-B49A844F602D}.Debug|Any CPU.ActiveCfg = Debug|Any CPU
		{584564CB-AA1C-481B-AC78-B49A844F602D}.Debug|Any CPU.Build.0 = Debug|Any CPU
		{584564CB-AA1C-481B-AC78-B49A844F602D}.Release|Any CPU.ActiveCfg = Release|Any CPU
		{584564CB-AA1C-481B-AC78-B49A844F602D}.Release|Any CPU.Build.0 = Release|Any CPU
	EndGlobalSection
	GlobalSection(SolutionProperties) = preSolution
		HideSolutionNode = FALSE
	EndGlobalSection
	GlobalSection(ExtensibilityGlobals) = postSolution
		SolutionGuid = {4C521379-C0BA-4D5D-96A8-31C77DC3D2BA}
	EndGlobalSection
EndGlobal
